// !$*UTF8*$!
{
	archiveVersion = 1;
	classes = {
	};
	objectVersion = 46;
	objects = {

/* Begin PBXBuildFile section */
		34408ABD1AC0902D00C2D8C6 /* main.m in Sources */ = {isa = PBXBuildFile; fileRef = 34408ABC1AC0902D00C2D8C6 /* main.m */; };
		34408AC01AC0902D00C2D8C6 /* AppDelegate.m in Sources */ = {isa = PBXBuildFile; fileRef = 34408ABF1AC0902D00C2D8C6 /* AppDelegate.m */; };
		34408AC31AC0902D00C2D8C6 /* ViewController.m in Sources */ = {isa = PBXBuildFile; fileRef = 34408AC21AC0902D00C2D8C6 /* ViewController.m */; };
		34408AC61AC0902D00C2D8C6 /* Main.storyboard in Resources */ = {isa = PBXBuildFile; fileRef = 34408AC41AC0902D00C2D8C6 /* Main.storyboard */; };
		34408AC81AC0902D00C2D8C6 /* Images.xcassets in Resources */ = {isa = PBXBuildFile; fileRef = 34408AC71AC0902D00C2D8C6 /* Images.xcassets */; };
		34408ACB1AC0902D00C2D8C6 /* LaunchScreen.xib in Resources */ = {isa = PBXBuildFile; fileRef = 34408AC91AC0902D00C2D8C6 /* LaunchScreen.xib */; };
		34408AE61AC0913C00C2D8C6 /* WTMyo.m in Sources */ = {isa = PBXBuildFile; fileRef = 34408AE51AC0913C00C2D8C6 /* WTMyo.m */; };
		345CC3F91ACAED05005FE4A4 /* Foundation.framework in Frameworks */ = {isa = PBXBuildFile; fileRef = 345CC3F81ACAED05005FE4A4 /* Foundation.framework */; };
		345CC3FB1ACAED0F005FE4A4 /* UIKit.framework in Frameworks */ = {isa = PBXBuildFile; fileRef = 345CC3FA1ACAED0F005FE4A4 /* UIKit.framework */; };
		345CC3FD1ACAEEC4005FE4A4 /* GLKit.framework in Frameworks */ = {isa = PBXBuildFile; fileRef = 345CC3FC1ACAEEC4005FE4A4 /* GLKit.framework */; };
		345CC3FF1ACAEECB005FE4A4 /* CoreGraphics.framework in Frameworks */ = {isa = PBXBuildFile; fileRef = 345CC3FE1ACAEECB005FE4A4 /* CoreGraphics.framework */; };
		345CC40A1ACAF401005FE4A4 /* libCMUnistrokeGestureRecognizer.a in Frameworks */ = {isa = PBXBuildFile; fileRef = 345CC4071ACAF3E7005FE4A4 /* libCMUnistrokeGestureRecognizer.a */; };
		345CC40E1ACBD0FF005FE4A4 /* MyoKit.framework in Frameworks */ = {isa = PBXBuildFile; fileRef = 3435D3281ACA789500748033 /* MyoKit.framework */; };
		345CC40F1ACBD0FF005FE4A4 /* MyoKit.framework in Embed Frameworks */ = {isa = PBXBuildFile; fileRef = 3435D3281ACA789500748033 /* MyoKit.framework */; settings = {ATTRIBUTES = (CodeSignOnCopy, RemoveHeadersOnCopy, ); }; };
		34A1C66A1AC0AD9A00C6BF55 /* WTMyo+ObserversAndDelegates.m in Sources */ = {isa = PBXBuildFile; fileRef = 34A1C6691AC0AD9A00C6BF55 /* WTMyo+ObserversAndDelegates.m */; };
		34A1C6731AC1CCEF00C6BF55 /* WTPosePattern.m in Sources */ = {isa = PBXBuildFile; fileRef = 34A1C6721AC1CCEF00C6BF55 /* WTPosePattern.m */; };
		34A1C6771AC1CDDB00C6BF55 /* NSArray+WTMPose.m in Sources */ = {isa = PBXBuildFile; fileRef = 34A1C6761AC1CDDB00C6BF55 /* NSArray+WTMPose.m */; };
		34A1C6831AC1D1FC00C6BF55 /* WTMyo+Patterns.m in Sources */ = {isa = PBXBuildFile; fileRef = 34A1C6821AC1D1FC00C6BF55 /* WTMyo+Patterns.m */; };
		34A1C6871AC2A02B00C6BF55 /* WTMyoHelper.m in Sources */ = {isa = PBXBuildFile; fileRef = 34A1C6861AC2A02B00C6BF55 /* WTMyoHelper.m */; };
		34CABBA61AC7CC7000A88135 /* WTMyo+Drawer.m in Sources */ = {isa = PBXBuildFile; fileRef = 34CABBA41AC7CC7000A88135 /* WTMyo+Drawer.m */; };
		34CABBEF1ACA5CDA00A88135 /* CMUDTemplate.m in Sources */ = {isa = PBXBuildFile; fileRef = 34CABBED1ACA5CDA00A88135 /* CMUDTemplate.m */; };
		34CABBF71ACA64BF00A88135 /* CMUDStrokeTemplateView.m in Sources */ = {isa = PBXBuildFile; fileRef = 34CABBF61ACA64BF00A88135 /* CMUDStrokeTemplateView.m */; };
		34CABBFE1ACA66B300A88135 /* CMUDDrawView.m in Sources */ = {isa = PBXBuildFile; fileRef = 34CABBFD1ACA66B300A88135 /* CMUDDrawView.m */; };
/* End PBXBuildFile section */

/* Begin PBXContainerItemProxy section */
		345CC4061ACAF3E7005FE4A4 /* PBXContainerItemProxy */ = {
			isa = PBXContainerItemProxy;
			containerPortal = 345CC4011ACAF3E6005FE4A4 /* CMUnistrokeGestureRecognizer.xcodeproj */;
			proxyType = 2;
			remoteGlobalIDString = 837E286D160EE03600017FFB;
			remoteInfo = CMUnistrokeGestureRecognizer;
		};
		345CC4081ACAF3E7005FE4A4 /* PBXContainerItemProxy */ = {
			isa = PBXContainerItemProxy;
			containerPortal = 345CC4011ACAF3E6005FE4A4 /* CMUnistrokeGestureRecognizer.xcodeproj */;
			proxyType = 2;
			remoteGlobalIDString = 837E287E160EE03600017FFB;
			remoteInfo = CMUnistrokeGestureRecognizerTests;
		};
/* End PBXContainerItemProxy section */

/* Begin PBXCopyFilesBuildPhase section */
		345CC4101ACBD0FF005FE4A4 /* Embed Frameworks */ = {
			isa = PBXCopyFilesBuildPhase;
			buildActionMask = 2147483647;
			dstPath = "";
			dstSubfolderSpec = 10;
			files = (
				345CC40F1ACBD0FF005FE4A4 /* MyoKit.framework in Embed Frameworks */,
			);
			name = "Embed Frameworks";
			runOnlyForDeploymentPostprocessing = 0;
		};
/* End PBXCopyFilesBuildPhase section */

/* Begin PBXFileReference section */
		3435D3281ACA789500748033 /* MyoKit.framework */ = {isa = PBXFileReference; lastKnownFileType = wrapper.framework; name = MyoKit.framework; path = WTMyo/MyoKit.framework; sourceTree = "<group>"; };
		34408AB71AC0902D00C2D8C6 /* WTMyo iOS.app */ = {isa = PBXFileReference; explicitFileType = wrapper.application; includeInIndex = 0; path = "WTMyo iOS.app"; sourceTree = BUILT_PRODUCTS_DIR; };
		34408ABB1AC0902D00C2D8C6 /* Info.plist */ = {isa = PBXFileReference; lastKnownFileType = text.plist.xml; path = Info.plist; sourceTree = "<group>"; };
		34408ABC1AC0902D00C2D8C6 /* main.m */ = {isa = PBXFileReference; lastKnownFileType = sourcecode.c.objc; path = main.m; sourceTree = "<group>"; };
		34408ABE1AC0902D00C2D8C6 /* AppDelegate.h */ = {isa = PBXFileReference; lastKnownFileType = sourcecode.c.h; path = AppDelegate.h; sourceTree = "<group>"; };
		34408ABF1AC0902D00C2D8C6 /* AppDelegate.m */ = {isa = PBXFileReference; lastKnownFileType = sourcecode.c.objc; path = AppDelegate.m; sourceTree = "<group>"; };
		34408AC11AC0902D00C2D8C6 /* ViewController.h */ = {isa = PBXFileReference; lastKnownFileType = sourcecode.c.h; path = ViewController.h; sourceTree = "<group>"; };
		34408AC21AC0902D00C2D8C6 /* ViewController.m */ = {isa = PBXFileReference; lastKnownFileType = sourcecode.c.objc; path = ViewController.m; sourceTree = "<group>"; };
		34408AC51AC0902D00C2D8C6 /* Base */ = {isa = PBXFileReference; lastKnownFileType = file.storyboard; name = Base; path = Base.lproj/Main.storyboard; sourceTree = "<group>"; };
		34408AC71AC0902D00C2D8C6 /* Images.xcassets */ = {isa = PBXFileReference; lastKnownFileType = folder.assetcatalog; path = Images.xcassets; sourceTree = "<group>"; };
		34408ACA1AC0902D00C2D8C6 /* Base */ = {isa = PBXFileReference; lastKnownFileType = file.xib; name = Base; path = Base.lproj/LaunchScreen.xib; sourceTree = "<group>"; };
		34408AD51AC0902D00C2D8C6 /* Info.plist */ = {isa = PBXFileReference; lastKnownFileType = text.plist.xml; path = Info.plist; sourceTree = "<group>"; };
		34408AD61AC0902D00C2D8C6 /* WTMyo_iOSTests.m */ = {isa = PBXFileReference; lastKnownFileType = sourcecode.c.objc; path = WTMyo_iOSTests.m; sourceTree = "<group>"; };
		34408AE41AC0913C00C2D8C6 /* WTMyo.h */ = {isa = PBXFileReference; fileEncoding = 4; lastKnownFileType = sourcecode.c.h; name = WTMyo.h; path = WTMyo/WTMyo.h; sourceTree = "<group>"; };
		34408AE51AC0913C00C2D8C6 /* WTMyo.m */ = {isa = PBXFileReference; fileEncoding = 4; lastKnownFileType = sourcecode.c.objc; name = WTMyo.m; path = WTMyo/WTMyo.m; sourceTree = "<group>"; };
		345CC3F81ACAED05005FE4A4 /* Foundation.framework */ = {isa = PBXFileReference; lastKnownFileType = wrapper.framework; name = Foundation.framework; path = System/Library/Frameworks/Foundation.framework; sourceTree = SDKROOT; };
		345CC3FA1ACAED0F005FE4A4 /* UIKit.framework */ = {isa = PBXFileReference; lastKnownFileType = wrapper.framework; name = UIKit.framework; path = System/Library/Frameworks/UIKit.framework; sourceTree = SDKROOT; };
		345CC3FC1ACAEEC4005FE4A4 /* GLKit.framework */ = {isa = PBXFileReference; lastKnownFileType = wrapper.framework; name = GLKit.framework; path = System/Library/Frameworks/GLKit.framework; sourceTree = SDKROOT; };
		345CC3FE1ACAEECB005FE4A4 /* CoreGraphics.framework */ = {isa = PBXFileReference; lastKnownFileType = wrapper.framework; name = CoreGraphics.framework; path = System/Library/Frameworks/CoreGraphics.framework; sourceTree = SDKROOT; };
		345CC4011ACAF3E6005FE4A4 /* CMUnistrokeGestureRecognizer.xcodeproj */ = {isa = PBXFileReference; lastKnownFileType = "wrapper.pb-project"; name = CMUnistrokeGestureRecognizer.xcodeproj; path = "WTMyo iOS/Libraries/CMUnistrokeGestureRecognizer/CMUnistrokeGestureRecognizer.xcodeproj"; sourceTree = "<group>"; };
		34A1C6671AC0AD4700C6BF55 /* WTMyoBridge.h */ = {isa = PBXFileReference; fileEncoding = 4; lastKnownFileType = sourcecode.c.h; name = WTMyoBridge.h; path = WTMyo/WTMyoBridge.h; sourceTree = "<group>"; };
		34A1C6681AC0AD9A00C6BF55 /* WTMyo+ObserversAndDelegates.h */ = {isa = PBXFileReference; fileEncoding = 4; lastKnownFileType = sourcecode.c.h; name = "WTMyo+ObserversAndDelegates.h"; path = "WTMyo/Categories/WTMyo+ObserversAndDelegates.h"; sourceTree = "<group>"; };
		34A1C6691AC0AD9A00C6BF55 /* WTMyo+ObserversAndDelegates.m */ = {isa = PBXFileReference; fileEncoding = 4; lastKnownFileType = sourcecode.c.objc; name = "WTMyo+ObserversAndDelegates.m"; path = "WTMyo/Categories/WTMyo+ObserversAndDelegates.m"; sourceTree = "<group>"; };
		34A1C6711AC1CCEF00C6BF55 /* WTPosePattern.h */ = {isa = PBXFileReference; fileEncoding = 4; lastKnownFileType = sourcecode.c.h; name = WTPosePattern.h; path = WTMyo/WTPosePattern.h; sourceTree = "<group>"; };
		34A1C6721AC1CCEF00C6BF55 /* WTPosePattern.m */ = {isa = PBXFileReference; fileEncoding = 4; lastKnownFileType = sourcecode.c.objc; name = WTPosePattern.m; path = WTMyo/WTPosePattern.m; sourceTree = "<group>"; };
		34A1C6751AC1CDDB00C6BF55 /* NSArray+WTMPose.h */ = {isa = PBXFileReference; fileEncoding = 4; lastKnownFileType = sourcecode.c.h; name = "NSArray+WTMPose.h"; path = "WTMyo/Categories/NSArray+WTMPose.h"; sourceTree = "<group>"; };
		34A1C6761AC1CDDB00C6BF55 /* NSArray+WTMPose.m */ = {isa = PBXFileReference; fileEncoding = 4; lastKnownFileType = sourcecode.c.objc; name = "NSArray+WTMPose.m"; path = "WTMyo/Categories/NSArray+WTMPose.m"; sourceTree = "<group>"; };
		34A1C6811AC1D1FC00C6BF55 /* WTMyo+Patterns.h */ = {isa = PBXFileReference; fileEncoding = 4; lastKnownFileType = sourcecode.c.h; name = "WTMyo+Patterns.h"; path = "WTMyo/Categories/WTMyo+Patterns.h"; sourceTree = "<group>"; };
		34A1C6821AC1D1FC00C6BF55 /* WTMyo+Patterns.m */ = {isa = PBXFileReference; fileEncoding = 4; lastKnownFileType = sourcecode.c.objc; name = "WTMyo+Patterns.m"; path = "WTMyo/Categories/WTMyo+Patterns.m"; sourceTree = "<group>"; };
		34A1C6851AC2A02B00C6BF55 /* WTMyoHelper.h */ = {isa = PBXFileReference; fileEncoding = 4; lastKnownFileType = sourcecode.c.h; name = WTMyoHelper.h; path = WTMyo/WTMyoHelper.h; sourceTree = "<group>"; };
		34A1C6861AC2A02B00C6BF55 /* WTMyoHelper.m */ = {isa = PBXFileReference; fileEncoding = 4; lastKnownFileType = sourcecode.c.objc; name = WTMyoHelper.m; path = WTMyo/WTMyoHelper.m; sourceTree = "<group>"; };
		34CABBA41AC7CC7000A88135 /* WTMyo+Drawer.m */ = {isa = PBXFileReference; fileEncoding = 4; lastKnownFileType = sourcecode.c.objc; name = "WTMyo+Drawer.m"; path = "WTMyo/Categories/WTMyo+Drawer.m"; sourceTree = "<group>"; };
		34CABBA51AC7CC7000A88135 /* WTMyo+Drawer.h */ = {isa = PBXFileReference; fileEncoding = 4; lastKnownFileType = sourcecode.c.h; name = "WTMyo+Drawer.h"; path = "WTMyo/Categories/WTMyo+Drawer.h"; sourceTree = "<group>"; };
		34CABBEC1ACA5CDA00A88135 /* CMUDTemplate.h */ = {isa = PBXFileReference; fileEncoding = 4; lastKnownFileType = sourcecode.c.h; path = CMUDTemplate.h; sourceTree = "<group>"; };
		34CABBED1ACA5CDA00A88135 /* CMUDTemplate.m */ = {isa = PBXFileReference; fileEncoding = 4; lastKnownFileType = sourcecode.c.objc; path = CMUDTemplate.m; sourceTree = "<group>"; };
		34CABBEE1ACA5CDA00A88135 /* CMUDTemplatePaths.h */ = {isa = PBXFileReference; fileEncoding = 4; lastKnownFileType = sourcecode.c.h; path = CMUDTemplatePaths.h; sourceTree = "<group>"; };
		34CABBF51ACA64BF00A88135 /* CMUDStrokeTemplateView.h */ = {isa = PBXFileReference; fileEncoding = 4; lastKnownFileType = sourcecode.c.h; path = CMUDStrokeTemplateView.h; sourceTree = "<group>"; };
		34CABBF61ACA64BF00A88135 /* CMUDStrokeTemplateView.m */ = {isa = PBXFileReference; fileEncoding = 4; lastKnownFileType = sourcecode.c.objc; path = CMUDStrokeTemplateView.m; sourceTree = "<group>"; };
		34CABBFC1ACA66B300A88135 /* CMUDDrawView.h */ = {isa = PBXFileReference; fileEncoding = 4; lastKnownFileType = sourcecode.c.h; path = CMUDDrawView.h; sourceTree = "<group>"; };
		34CABBFD1ACA66B300A88135 /* CMUDDrawView.m */ = {isa = PBXFileReference; fileEncoding = 4; lastKnownFileType = sourcecode.c.objc; path = CMUDDrawView.m; sourceTree = "<group>"; };
/* End PBXFileReference section */

/* Begin PBXFrameworksBuildPhase section */
		34408AB41AC0902D00C2D8C6 /* Frameworks */ = {
			isa = PBXFrameworksBuildPhase;
			buildActionMask = 2147483647;
			files = (
				345CC40A1ACAF401005FE4A4 /* libCMUnistrokeGestureRecognizer.a in Frameworks */,
				345CC3FF1ACAEECB005FE4A4 /* CoreGraphics.framework in Frameworks */,
				345CC3FD1ACAEEC4005FE4A4 /* GLKit.framework in Frameworks */,
				345CC40E1ACBD0FF005FE4A4 /* MyoKit.framework in Frameworks */,
				345CC3FB1ACAED0F005FE4A4 /* UIKit.framework in Frameworks */,
				345CC3F91ACAED05005FE4A4 /* Foundation.framework in Frameworks */,
			);
			runOnlyForDeploymentPostprocessing = 0;
		};
/* End PBXFrameworksBuildPhase section */

/* Begin PBXGroup section */
		34408AAE1AC0902D00C2D8C6 = {
			isa = PBXGroup;
			children = (
				345CC4011ACAF3E6005FE4A4 /* CMUnistrokeGestureRecognizer.xcodeproj */,
				34408AB91AC0902D00C2D8C6 /* WTMyo iOS */,
				34408AD31AC0902D00C2D8C6 /* WTMyo iOSTests */,
				34408AB81AC0902D00C2D8C6 /* Products */,
			);
			sourceTree = "<group>";
		};
		34408AB81AC0902D00C2D8C6 /* Products */ = {
			isa = PBXGroup;
			children = (
				34408AB71AC0902D00C2D8C6 /* WTMyo iOS.app */,
			);
			name = Products;
			sourceTree = "<group>";
		};
		34408AB91AC0902D00C2D8C6 /* WTMyo iOS */ = {
			isa = PBXGroup;
			children = (
				34408AE31AC090FC00C2D8C6 /* WTMyo */,
				34408ABE1AC0902D00C2D8C6 /* AppDelegate.h */,
				34408ABF1AC0902D00C2D8C6 /* AppDelegate.m */,
				34408AC11AC0902D00C2D8C6 /* ViewController.h */,
				34408AC21AC0902D00C2D8C6 /* ViewController.m */,
				34408AC41AC0902D00C2D8C6 /* Main.storyboard */,
				34408AC71AC0902D00C2D8C6 /* Images.xcassets */,
				34408AC91AC0902D00C2D8C6 /* LaunchScreen.xib */,
				34408ABA1AC0902D00C2D8C6 /* Supporting Files */,
			);
			path = "WTMyo iOS";
			sourceTree = "<group>";
		};
		34408ABA1AC0902D00C2D8C6 /* Supporting Files */ = {
			isa = PBXGroup;
			children = (
				3435D3281ACA789500748033 /* MyoKit.framework */,
				34408ABB1AC0902D00C2D8C6 /* Info.plist */,
				34408ABC1AC0902D00C2D8C6 /* main.m */,
			);
			name = "Supporting Files";
			sourceTree = "<group>";
		};
		34408AD31AC0902D00C2D8C6 /* WTMyo iOSTests */ = {
			isa = PBXGroup;
			children = (
				34408AD61AC0902D00C2D8C6 /* WTMyo_iOSTests.m */,
				34408AD41AC0902D00C2D8C6 /* Supporting Files */,
			);
			path = "WTMyo iOSTests";
			sourceTree = "<group>";
		};
		34408AD41AC0902D00C2D8C6 /* Supporting Files */ = {
			isa = PBXGroup;
			children = (
				345CC3FE1ACAEECB005FE4A4 /* CoreGraphics.framework */,
				345CC3FC1ACAEEC4005FE4A4 /* GLKit.framework */,
				345CC3FA1ACAED0F005FE4A4 /* UIKit.framework */,
				345CC3F81ACAED05005FE4A4 /* Foundation.framework */,
				34408AD51AC0902D00C2D8C6 /* Info.plist */,
			);
			name = "Supporting Files";
			sourceTree = "<group>";
		};
		34408AE31AC090FC00C2D8C6 /* WTMyo */ = {
			isa = PBXGroup;
			children = (
				34CABBEA1ACA5CDA00A88135 /* GesturesHelper */,
				34A1C6891AC2A0DD00C6BF55 /* Helpers */,
				34A1C66C1AC0AD9F00C6BF55 /* Categories */,
				34408AE41AC0913C00C2D8C6 /* WTMyo.h */,
				34408AE51AC0913C00C2D8C6 /* WTMyo.m */,
				34A1C6671AC0AD4700C6BF55 /* WTMyoBridge.h */,
				34A1C6711AC1CCEF00C6BF55 /* WTPosePattern.h */,
				34A1C6721AC1CCEF00C6BF55 /* WTPosePattern.m */,
			);
			name = WTMyo;
			sourceTree = "<group>";
		};
		345CC4021ACAF3E6005FE4A4 /* Products */ = {
			isa = PBXGroup;
			children = (
				345CC4071ACAF3E7005FE4A4 /* libCMUnistrokeGestureRecognizer.a */,
				345CC4091ACAF3E7005FE4A4 /* CMUnistrokeGestureRecognizerTests.xctest */,
			);
			name = Products;
			sourceTree = "<group>";
		};
		34A1C66C1AC0AD9F00C6BF55 /* Categories */ = {
			isa = PBXGroup;
			children = (
				34CABBA51AC7CC7000A88135 /* WTMyo+Drawer.h */,
				34CABBA41AC7CC7000A88135 /* WTMyo+Drawer.m */,
				34A1C6681AC0AD9A00C6BF55 /* WTMyo+ObserversAndDelegates.h */,
				34A1C6691AC0AD9A00C6BF55 /* WTMyo+ObserversAndDelegates.m */,
				34A1C6751AC1CDDB00C6BF55 /* NSArray+WTMPose.h */,
				34A1C6761AC1CDDB00C6BF55 /* NSArray+WTMPose.m */,
				34A1C6811AC1D1FC00C6BF55 /* WTMyo+Patterns.h */,
				34A1C6821AC1D1FC00C6BF55 /* WTMyo+Patterns.m */,
			);
			name = Categories;
			sourceTree = "<group>";
		};
		34A1C6891AC2A0DD00C6BF55 /* Helpers */ = {
			isa = PBXGroup;
			children = (
				34A1C6851AC2A02B00C6BF55 /* WTMyoHelper.h */,
				34A1C6861AC2A02B00C6BF55 /* WTMyoHelper.m */,
			);
			name = Helpers;
			sourceTree = "<group>";
		};
		34CABBEA1ACA5CDA00A88135 /* GesturesHelper */ = {
			isa = PBXGroup;
			children = (
				34CABBF11ACA633900A88135 /* GestureView */,
				34CABBEB1ACA5CDA00A88135 /* Templates */,
			);
			name = GesturesHelper;
			path = Libraries/GesturesHelper;
			sourceTree = "<group>";
		};
		34CABBEB1ACA5CDA00A88135 /* Templates */ = {
			isa = PBXGroup;
			children = (
				34CABBF51ACA64BF00A88135 /* CMUDStrokeTemplateView.h */,
				34CABBF61ACA64BF00A88135 /* CMUDStrokeTemplateView.m */,
				34CABBEC1ACA5CDA00A88135 /* CMUDTemplate.h */,
				34CABBED1ACA5CDA00A88135 /* CMUDTemplate.m */,
				34CABBEE1ACA5CDA00A88135 /* CMUDTemplatePaths.h */,
			);
			path = Templates;
			sourceTree = "<group>";
		};
		34CABBF11ACA633900A88135 /* GestureView */ = {
			isa = PBXGroup;
			children = (
				34CABBFC1ACA66B300A88135 /* CMUDDrawView.h */,
				34CABBFD1ACA66B300A88135 /* CMUDDrawView.m */,
			);
			path = GestureView;
			sourceTree = "<group>";
		};
/* End PBXGroup section */

/* Begin PBXNativeTarget section */
		34408AB61AC0902D00C2D8C6 /* WTMyo iOS */ = {
			isa = PBXNativeTarget;
			buildConfigurationList = 34408ADA1AC0902D00C2D8C6 /* Build configuration list for PBXNativeTarget "WTMyo iOS" */;
			buildPhases = (
				34408AB31AC0902D00C2D8C6 /* Sources */,
				34408AB41AC0902D00C2D8C6 /* Frameworks */,
				34408AB51AC0902D00C2D8C6 /* Resources */,
				345CC4101ACBD0FF005FE4A4 /* Embed Frameworks */,
			);
			buildRules = (
			);
			dependencies = (
			);
			name = "WTMyo iOS";
			productName = "WTMyo iOS";
			productReference = 34408AB71AC0902D00C2D8C6 /* WTMyo iOS.app */;
			productType = "com.apple.product-type.application";
		};
/* End PBXNativeTarget section */

/* Begin PBXProject section */
		34408AAF1AC0902D00C2D8C6 /* Project object */ = {
			isa = PBXProject;
			attributes = {
				LastUpgradeCheck = 0620;
				ORGANIZATIONNAME = "Max Tymchiy";
				TargetAttributes = {
					34408AB61AC0902D00C2D8C6 = {
						CreatedOnToolsVersion = 6.2;
					};
				};
			};
			buildConfigurationList = 34408AB21AC0902D00C2D8C6 /* Build configuration list for PBXProject "WTMyo iOS" */;
			compatibilityVersion = "Xcode 3.2";
			developmentRegion = English;
			hasScannedForEncodings = 0;
			knownRegions = (
				en,
				Base,
			);
			mainGroup = 34408AAE1AC0902D00C2D8C6;
			productRefGroup = 34408AB81AC0902D00C2D8C6 /* Products */;
			projectDirPath = "";
			projectReferences = (
				{
					ProductGroup = 345CC4021ACAF3E6005FE4A4 /* Products */;
					ProjectRef = 345CC4011ACAF3E6005FE4A4 /* CMUnistrokeGestureRecognizer.xcodeproj */;
				},
			);
			projectRoot = "";
			targets = (
				34408AB61AC0902D00C2D8C6 /* WTMyo iOS */,
			);
		};
/* End PBXProject section */

/* Begin PBXReferenceProxy section */
		345CC4071ACAF3E7005FE4A4 /* libCMUnistrokeGestureRecognizer.a */ = {
			isa = PBXReferenceProxy;
			fileType = archive.ar;
			path = libCMUnistrokeGestureRecognizer.a;
			remoteRef = 345CC4061ACAF3E7005FE4A4 /* PBXContainerItemProxy */;
			sourceTree = BUILT_PRODUCTS_DIR;
		};
		345CC4091ACAF3E7005FE4A4 /* CMUnistrokeGestureRecognizerTests.xctest */ = {
			isa = PBXReferenceProxy;
			fileType = wrapper.cfbundle;
			path = CMUnistrokeGestureRecognizerTests.xctest;
			remoteRef = 345CC4081ACAF3E7005FE4A4 /* PBXContainerItemProxy */;
			sourceTree = BUILT_PRODUCTS_DIR;
		};
/* End PBXReferenceProxy section */

/* Begin PBXResourcesBuildPhase section */
		34408AB51AC0902D00C2D8C6 /* Resources */ = {
			isa = PBXResourcesBuildPhase;
			buildActionMask = 2147483647;
			files = (
				34408AC61AC0902D00C2D8C6 /* Main.storyboard in Resources */,
				34408ACB1AC0902D00C2D8C6 /* LaunchScreen.xib in Resources */,
				34408AC81AC0902D00C2D8C6 /* Images.xcassets in Resources */,
			);
			runOnlyForDeploymentPostprocessing = 0;
		};
/* End PBXResourcesBuildPhase section */

/* Begin PBXSourcesBuildPhase section */
		34408AB31AC0902D00C2D8C6 /* Sources */ = {
			isa = PBXSourcesBuildPhase;
			buildActionMask = 2147483647;
			files = (
				34408AC31AC0902D00C2D8C6 /* ViewController.m in Sources */,
				34CABBFE1ACA66B300A88135 /* CMUDDrawView.m in Sources */,
				34408AC01AC0902D00C2D8C6 /* AppDelegate.m in Sources */,
				34A1C6831AC1D1FC00C6BF55 /* WTMyo+Patterns.m in Sources */,
				34CABBA61AC7CC7000A88135 /* WTMyo+Drawer.m in Sources */,
				34A1C6871AC2A02B00C6BF55 /* WTMyoHelper.m in Sources */,
				34408AE61AC0913C00C2D8C6 /* WTMyo.m in Sources */,
				34A1C6771AC1CDDB00C6BF55 /* NSArray+WTMPose.m in Sources */,
				34408ABD1AC0902D00C2D8C6 /* main.m in Sources */,
				34CABBF71ACA64BF00A88135 /* CMUDStrokeTemplateView.m in Sources */,
				34A1C6731AC1CCEF00C6BF55 /* WTPosePattern.m in Sources */,
				34CABBEF1ACA5CDA00A88135 /* CMUDTemplate.m in Sources */,
				34A1C66A1AC0AD9A00C6BF55 /* WTMyo+ObserversAndDelegates.m in Sources */,
			);
			runOnlyForDeploymentPostprocessing = 0;
		};
/* End PBXSourcesBuildPhase section */

/* Begin PBXVariantGroup section */
		34408AC41AC0902D00C2D8C6 /* Main.storyboard */ = {
			isa = PBXVariantGroup;
			children = (
				34408AC51AC0902D00C2D8C6 /* Base */,
			);
			name = Main.storyboard;
			sourceTree = "<group>";
		};
		34408AC91AC0902D00C2D8C6 /* LaunchScreen.xib */ = {
			isa = PBXVariantGroup;
			children = (
				34408ACA1AC0902D00C2D8C6 /* Base */,
			);
			name = LaunchScreen.xib;
			sourceTree = "<group>";
		};
/* End PBXVariantGroup section */

/* Begin XCBuildConfiguration section */
		34408AD81AC0902D00C2D8C6 /* Debug */ = {
			isa = XCBuildConfiguration;
			buildSettings = {
				ALWAYS_SEARCH_USER_PATHS = NO;
				CLANG_CXX_LANGUAGE_STANDARD = "gnu++0x";
				CLANG_CXX_LIBRARY = "libc++";
				CLANG_ENABLE_MODULES = YES;
				CLANG_ENABLE_OBJC_ARC = YES;
				CLANG_WARN_BOOL_CONVERSION = YES;
				CLANG_WARN_CONSTANT_CONVERSION = YES;
				CLANG_WARN_DIRECT_OBJC_ISA_USAGE = YES_ERROR;
				CLANG_WARN_EMPTY_BODY = YES;
				CLANG_WARN_ENUM_CONVERSION = YES;
				CLANG_WARN_INT_CONVERSION = YES;
				CLANG_WARN_OBJC_ROOT_CLASS = YES_ERROR;
				CLANG_WARN_UNREACHABLE_CODE = YES;
				CLANG_WARN__DUPLICATE_METHOD_MATCH = YES;
				"CODE_SIGN_IDENTITY[sdk=iphoneos*]" = "iPhone Developer";
				COPY_PHASE_STRIP = NO;
				ENABLE_STRICT_OBJC_MSGSEND = YES;
				GCC_C_LANGUAGE_STANDARD = gnu99;
				GCC_DYNAMIC_NO_PIC = NO;
				GCC_OPTIMIZATION_LEVEL = 0;
				GCC_PREPROCESSOR_DEFINITIONS = (
					"DEBUG=1",
					"$(inherited)",
				);
				GCC_SYMBOLS_PRIVATE_EXTERN = NO;
				GCC_WARN_64_TO_32_BIT_CONVERSION = YES;
				GCC_WARN_ABOUT_RETURN_TYPE = YES_ERROR;
				GCC_WARN_UNDECLARED_SELECTOR = YES;
				GCC_WARN_UNINITIALIZED_AUTOS = YES_AGGRESSIVE;
				GCC_WARN_UNUSED_FUNCTION = YES;
				GCC_WARN_UNUSED_VARIABLE = YES;
				IPHONEOS_DEPLOYMENT_TARGET = 8.2;
				MTL_ENABLE_DEBUG_INFO = YES;
				ONLY_ACTIVE_ARCH = YES;
				SDKROOT = iphoneos;
				TARGETED_DEVICE_FAMILY = "1,2";
			};
			name = Debug;
		};
		34408AD91AC0902D00C2D8C6 /* Release */ = {
			isa = XCBuildConfiguration;
			buildSettings = {
				ALWAYS_SEARCH_USER_PATHS = NO;
				CLANG_CXX_LANGUAGE_STANDARD = "gnu++0x";
				CLANG_CXX_LIBRARY = "libc++";
				CLANG_ENABLE_MODULES = YES;
				CLANG_ENABLE_OBJC_ARC = YES;
				CLANG_WARN_BOOL_CONVERSION = YES;
				CLANG_WARN_CONSTANT_CONVERSION = YES;
				CLANG_WARN_DIRECT_OBJC_ISA_USAGE = YES_ERROR;
				CLANG_WARN_EMPTY_BODY = YES;
				CLANG_WARN_ENUM_CONVERSION = YES;
				CLANG_WARN_INT_CONVERSION = YES;
				CLANG_WARN_OBJC_ROOT_CLASS = YES_ERROR;
				CLANG_WARN_UNREACHABLE_CODE = YES;
				CLANG_WARN__DUPLICATE_METHOD_MATCH = YES;
				"CODE_SIGN_IDENTITY[sdk=iphoneos*]" = "iPhone Developer";
				COPY_PHASE_STRIP = NO;
				ENABLE_NS_ASSERTIONS = NO;
				ENABLE_STRICT_OBJC_MSGSEND = YES;
				GCC_C_LANGUAGE_STANDARD = gnu99;
				GCC_WARN_64_TO_32_BIT_CONVERSION = YES;
				GCC_WARN_ABOUT_RETURN_TYPE = YES_ERROR;
				GCC_WARN_UNDECLARED_SELECTOR = YES;
				GCC_WARN_UNINITIALIZED_AUTOS = YES_AGGRESSIVE;
				GCC_WARN_UNUSED_FUNCTION = YES;
				GCC_WARN_UNUSED_VARIABLE = YES;
				IPHONEOS_DEPLOYMENT_TARGET = 8.2;
				MTL_ENABLE_DEBUG_INFO = NO;
				SDKROOT = iphoneos;
				TARGETED_DEVICE_FAMILY = "1,2";
				VALIDATE_PRODUCT = YES;
			};
			name = Release;
		};
		34408ADB1AC0902D00C2D8C6 /* Debug */ = {
			isa = XCBuildConfiguration;
			buildSettings = {
				ASSETCATALOG_COMPILER_APPICON_NAME = AppIcon;
				FRAMEWORK_SEARCH_PATHS = (
					"$(inherited)",
					"$(PROJECT_DIR)/WTMyo",
					iOS/WTMyo,
				);
				INFOPLIST_FILE = "WTMyo iOS/Info.plist";
				IPHONEOS_DEPLOYMENT_TARGET = 7.0;
				LD_RUNPATH_SEARCH_PATHS = "$(inherited) @executable_path/Frameworks";
				PRODUCT_NAME = "$(TARGET_NAME)";
			};
			name = Debug;
		};
		34408ADC1AC0902D00C2D8C6 /* Release */ = {
			isa = XCBuildConfiguration;
			buildSettings = {
				ASSETCATALOG_COMPILER_APPICON_NAME = AppIcon;
				FRAMEWORK_SEARCH_PATHS = (
					"$(inherited)",
					"$(PROJECT_DIR)/WTMyo",
					iOS/WTMyo,
				);
				INFOPLIST_FILE = "WTMyo iOS/Info.plist";
				IPHONEOS_DEPLOYMENT_TARGET = 7.0;
				LD_RUNPATH_SEARCH_PATHS = "$(inherited) @executable_path/Frameworks";
				PRODUCT_NAME = "$(TARGET_NAME)";
			};
			name = Release;
		};
/* End XCBuildConfiguration section */

/* Begin XCConfigurationList section */
		34408AB21AC0902D00C2D8C6 /* Build configuration list for PBXProject "WTMyo iOS" */ = {
			isa = XCConfigurationList;
			buildConfigurations = (
				34408AD81AC0902D00C2D8C6 /* Debug */,
				34408AD91AC0902D00C2D8C6 /* Release */,
			);
			defaultConfigurationIsVisible = 0;
			defaultConfigurationName = Release;
		};
		34408ADA1AC0902D00C2D8C6 /* Build configuration list for PBXNativeTarget "WTMyo iOS" */ = {
			isa = XCConfigurationList;
			buildConfigurations = (
				34408ADB1AC0902D00C2D8C6 /* Debug */,
				34408ADC1AC0902D00C2D8C6 /* Release */,
			);
			defaultConfigurationIsVisible = 0;
			defaultConfigurationName = Release;
		};
/* End XCConfigurationList section */
	};
	rootObject = 34408AAF1AC0902D00C2D8C6 /* Project object */;
}
